
Microsoft Visual Studio Solution File, Format Version 12.00
Project("{FAE04EC0-301F-11D3-BF4B-00C04F79EFBC}") = "ReadonlyAndConst", "ReadonlyAndConst\ReadonlyAndConst.csproj", "{2D64BA1A-8852-4D5D-95B8-EC7A410EAC53}"
EndProject
Project("{FAE04EC0-301F-11D3-BF4B-00C04F79EFBC}") = "Enums", "Enums\Enums.csproj", "{5219D9E8-CDF4-49E1-8C40-BC57CACC26E7}"
EndProject
Project("{FAE04EC0-301F-11D3-BF4B-00C04F79EFBC}") = "Structs", "Structs\Structs.csproj", "{43615B48-C577-4D42-8AEE-8B4ACB5A48CF}"
EndProject
Global
	GlobalSection(SolutionConfigurationPlatforms) = preSolution
		Debug|Any CPU = Debug|Any CPU
		Release|Any CPU = Release|Any CPU
	EndGlobalSection
	GlobalSection(ProjectConfigurationPlatforms) = postSolution
		{2D64BA1A-8852-4D5D-95B8-EC7A410EAC53}.Debug|Any CPU.ActiveCfg = Debug|Any CPU
		{2D64BA1A-8852-4D5D-95B8-EC7A410EAC53}.Debug|Any CPU.Build.0 = Debug|Any CPU
		{2D64BA1A-8852-4D5D-95B8-EC7A410EAC53}.Release|Any CPU.ActiveCfg = Release|Any CPU
		{2D64BA1A-8852-4D5D-95B8-EC7A410EAC53}.Release|Any CPU.Build.0 = Release|Any CPU
		{5219D9E8-CDF4-49E1-8C40-BC57CACC26E7}.Debug|Any CPU.ActiveCfg = Debug|Any CPU
		{5219D9E8-CDF4-49E1-8C40-BC57CACC26E7}.Debug|Any CPU.Build.0 = Debug|Any CPU
		{5219D9E8-CDF4-49E1-8C40-BC57CACC26E7}.Release|Any CPU.ActiveCfg = Release|Any CPU
		{5219D9E8-CDF4-49E1-8C40-BC57CACC26E7}.Release|Any CPU.Build.0 = Release|Any CPU
		{43615B48-C577-4D42-8AEE-8B4ACB5A48CF}.Debug|Any CPU.ActiveCfg = Debug|Any CPU
		{43615B48-C577-4D42-8AEE-8B4ACB5A48CF}.Debug|Any CPU.Build.0 = Debug|Any CPU
		{43615B48-C577-4D42-8AEE-8B4ACB5A48CF}.Release|Any CPU.ActiveCfg = Release|Any CPU
		{43615B48-C577-4D42-8AEE-8B4ACB5A48CF}.Release|Any CPU.Build.0 = Release|Any CPU
	EndGlobalSection
EndGlobal
